
Microsoft Visual Studio Solution File, Format Version 12.00
# Visual Studio Version 16
VisualStudioVersion = 16.0.30002.166
MinimumVisualStudioVersion = 10.0.40219.1
Project("{9A19103F-16F7-4668-BE54-9A1E7A4F7556}") = "Hsbot.Hosting.Web", "Hsbot.Hosting.Web\Hsbot.Hosting.Web.csproj", "{03B176DF-306F-4BA0-8A4B-077A14D7C6CD}"
EndProject
Project("{9A19103F-16F7-4668-BE54-9A1E7A4F7556}") = "Hsbot.Core", "Hsbot.Core\Hsbot.Core.csproj", "{3934F514-D4D9-4D92-8F4C-B6DCBEBA6516}"
EndProject
Project("{9A19103F-16F7-4668-BE54-9A1E7A4F7556}") = "Hsbot.Core.Tests", "Hsbot.Core.Tests\Hsbot.Core.Tests.csproj", "{42AE2D9C-8F32-4621-808F-BA0AE3B52EE1}"
EndProject
Project("{9A19103F-16F7-4668-BE54-9A1E7A4F7556}") = "Hsbot.Slack", "Hsbot.Slack\Hsbot.Slack.csproj", "{72DD27E5-6FAB-413C-BFD6-7197810C8637}"
EndProject
Project("{9A19103F-16F7-4668-BE54-9A1E7A4F7556}") = "Hsbot.Azure", "Hsbot.Azure\Hsbot.Azure.csproj", "{877093C0-0AC5-4536-A305-10BA513F741D}"
EndProject
Project("{9A19103F-16F7-4668-BE54-9A1E7A4F7556}") = "Hsbot.Blazor.Client", "Hsbot.Blazor.Client\Hsbot.Blazor.Client.csproj", "{7EB96890-EA10-48C0-98D5-BB132C4B032D}"
EndProject
Global
	GlobalSection(SolutionConfigurationPlatforms) = preSolution
		Debug|Any CPU = Debug|Any CPU
		Release|Any CPU = Release|Any CPU
	EndGlobalSection
	GlobalSection(ProjectConfigurationPlatforms) = postSolution
		{03B176DF-306F-4BA0-8A4B-077A14D7C6CD}.Debug|Any CPU.ActiveCfg = Debug|Any CPU
		{03B176DF-306F-4BA0-8A4B-077A14D7C6CD}.Debug|Any CPU.Build.0 = Debug|Any CPU
		{03B176DF-306F-4BA0-8A4B-077A14D7C6CD}.Release|Any CPU.ActiveCfg = Release|Any CPU
		{03B176DF-306F-4BA0-8A4B-077A14D7C6CD}.Release|Any CPU.Build.0 = Release|Any CPU
		{3934F514-D4D9-4D92-8F4C-B6DCBEBA6516}.Debug|Any CPU.ActiveCfg = Debug|Any CPU
		{3934F514-D4D9-4D92-8F4C-B6DCBEBA6516}.Debug|Any CPU.Build.0 = Debug|Any CPU
		{3934F514-D4D9-4D92-8F4C-B6DCBEBA6516}.Release|Any CPU.ActiveCfg = Release|Any CPU
		{3934F514-D4D9-4D92-8F4C-B6DCBEBA6516}.Release|Any CPU.Build.0 = Release|Any CPU
		{42AE2D9C-8F32-4621-808F-BA0AE3B52EE1}.Debug|Any CPU.ActiveCfg = Debug|Any CPU
		{42AE2D9C-8F32-4621-808F-BA0AE3B52EE1}.Debug|Any CPU.Build.0 = Debug|Any CPU
		{42AE2D9C-8F32-4621-808F-BA0AE3B52EE1}.Release|Any CPU.ActiveCfg = Release|Any CPU
		{42AE2D9C-8F32-4621-808F-BA0AE3B52EE1}.Release|Any CPU.Build.0 = Release|Any CPU
		{72DD27E5-6FAB-413C-BFD6-7197810C8637}.Debug|Any CPU.ActiveCfg = Debug|Any CPU
		{72DD27E5-6FAB-413C-BFD6-7197810C8637}.Debug|Any CPU.Build.0 = Debug|Any CPU
		{72DD27E5-6FAB-413C-BFD6-7197810C8637}.Release|Any CPU.ActiveCfg = Release|Any CPU
		{72DD27E5-6FAB-413C-BFD6-7197810C8637}.Release|Any CPU.Build.0 = Release|Any CPU
		{877093C0-0AC5-4536-A305-10BA513F741D}.Debug|Any CPU.ActiveCfg = Debug|Any CPU
		{877093C0-0AC5-4536-A305-10BA513F741D}.Debug|Any CPU.Build.0 = Debug|Any CPU
		{877093C0-0AC5-4536-A305-10BA513F741D}.Release|Any CPU.ActiveCfg = Release|Any CPU
		{877093C0-0AC5-4536-A305-10BA513F741D}.Release|Any CPU.Build.0 = Release|Any CPU
		{7EB96890-EA10-48C0-98D5-BB132C4B032D}.Debug|Any CPU.ActiveCfg = Debug|Any CPU
		{7EB96890-EA10-48C0-98D5-BB132C4B032D}.Debug|Any CPU.Build.0 = Debug|Any CPU
		{7EB96890-EA10-48C0-98D5-BB132C4B032D}.Release|Any CPU.ActiveCfg = Release|Any CPU
		{7EB96890-EA10-48C0-98D5-BB132C4B032D}.Release|Any CPU.Build.0 = Release|Any CPU
	EndGlobalSection
	GlobalSection(SolutionProperties) = preSolution
		HideSolutionNode = FALSE
	EndGlobalSection
	GlobalSection(ExtensibilityGlobals) = postSolution
		SolutionGuid = {4DD86C55-0B07-4FC4-BCBF-CB58C972EDC2}
	EndGlobalSection
EndGlobal
